
Microsoft Visual Studio Solution File, Format Version 12.00
# Visual Studio Version 17
VisualStudioVersion = 17.10.34928.147
MinimumVisualStudioVersion = 10.0.40219.1
Project("{9A19103F-16F7-4668-BE54-9A1E7A4F7556}") = "WorkFlex.Web", "WorkFlex.Web\WorkFlex.Web.csproj", "{F395231D-F3F1-4F5D-B158-50C57ED700DC}"
EndProject
Project("{9A19103F-16F7-4668-BE54-9A1E7A4F7556}") = "WorkFlex.Domain", "WorkFlex.Domain\WorkFlex.Domain.csproj", "{2BCEE65B-50D0-403F-99E2-399E403EC18B}"
EndProject
Project("{9A19103F-16F7-4668-BE54-9A1E7A4F7556}") = "WorkFlex.Desktop", "WorkFlex.Desktop\WorkFlex.Desktop.csproj", "{6011C886-E81E-4698-A46A-DB69A7DF8218}"
EndProject
Project("{9A19103F-16F7-4668-BE54-9A1E7A4F7556}") = "WorkFlex.Infrastructure", "WorkFlex.Infrastructure\WorkFlex.Infrastructure.csproj", "{6F8CF5EC-73A1-44B7-9F0E-032A9FC38619}"
EndProject
Project("{9A19103F-16F7-4668-BE54-9A1E7A4F7556}") = "WorkFlex.SignalR", "WorkFlex.SignalR\WorkFlex.SignalR.csproj", "{68E7906A-144A-4B2E-8430-5CE7178587F5}"
EndProject
Project("{9A19103F-16F7-4668-BE54-9A1E7A4F7556}") = "WorkFlex.Services", "WorkFlex.Services\WorkFlex.Services.csproj", "{B4766C6F-BDDB-4628-B5DC-35A78B27A282}"
EndProject
Project("{FAE04EC0-301F-11D3-BF4B-00C04F79EFBC}") = "WorkFlex.Payment", "Payment\WorkFlex.Payment.csproj", "{C8514B22-8AF2-4FDF-AEE6-AF9EC09BDA31}"
EndProject
Global
	GlobalSection(SolutionConfigurationPlatforms) = preSolution
		Debug|Any CPU = Debug|Any CPU
		Release|Any CPU = Release|Any CPU
	EndGlobalSection
	GlobalSection(ProjectConfigurationPlatforms) = postSolution
		{F395231D-F3F1-4F5D-B158-50C57ED700DC}.Debug|Any CPU.ActiveCfg = Debug|Any CPU
		{F395231D-F3F1-4F5D-B158-50C57ED700DC}.Debug|Any CPU.Build.0 = Debug|Any CPU
		{F395231D-F3F1-4F5D-B158-50C57ED700DC}.Release|Any CPU.ActiveCfg = Release|Any CPU
		{F395231D-F3F1-4F5D-B158-50C57ED700DC}.Release|Any CPU.Build.0 = Release|Any CPU
		{2BCEE65B-50D0-403F-99E2-399E403EC18B}.Debug|Any CPU.ActiveCfg = Debug|Any CPU
		{2BCEE65B-50D0-403F-99E2-399E403EC18B}.Debug|Any CPU.Build.0 = Debug|Any CPU
		{2BCEE65B-50D0-403F-99E2-399E403EC18B}.Release|Any CPU.ActiveCfg = Release|Any CPU
		{2BCEE65B-50D0-403F-99E2-399E403EC18B}.Release|Any CPU.Build.0 = Release|Any CPU
		{6011C886-E81E-4698-A46A-DB69A7DF8218}.Debug|Any CPU.ActiveCfg = Debug|Any CPU
		{6011C886-E81E-4698-A46A-DB69A7DF8218}.Debug|Any CPU.Build.0 = Debug|Any CPU
		{6011C886-E81E-4698-A46A-DB69A7DF8218}.Release|Any CPU.ActiveCfg = Release|Any CPU
		{6011C886-E81E-4698-A46A-DB69A7DF8218}.Release|Any CPU.Build.0 = Release|Any CPU
		{6F8CF5EC-73A1-44B7-9F0E-032A9FC38619}.Debug|Any CPU.ActiveCfg = Debug|Any CPU
		{6F8CF5EC-73A1-44B7-9F0E-032A9FC38619}.Debug|Any CPU.Build.0 = Debug|Any CPU
		{6F8CF5EC-73A1-44B7-9F0E-032A9FC38619}.Release|Any CPU.ActiveCfg = Release|Any CPU
		{6F8CF5EC-73A1-44B7-9F0E-032A9FC38619}.Release|Any CPU.Build.0 = Release|Any CPU
		{68E7906A-144A-4B2E-8430-5CE7178587F5}.Debug|Any CPU.ActiveCfg = Debug|Any CPU
		{68E7906A-144A-4B2E-8430-5CE7178587F5}.Debug|Any CPU.Build.0 = Debug|Any CPU
		{68E7906A-144A-4B2E-8430-5CE7178587F5}.Release|Any CPU.ActiveCfg = Release|Any CPU
		{68E7906A-144A-4B2E-8430-5CE7178587F5}.Release|Any CPU.Build.0 = Release|Any CPU
		{B4766C6F-BDDB-4628-B5DC-35A78B27A282}.Debug|Any CPU.ActiveCfg = Debug|Any CPU
		{B4766C6F-BDDB-4628-B5DC-35A78B27A282}.Debug|Any CPU.Build.0 = Debug|Any CPU
		{B4766C6F-BDDB-4628-B5DC-35A78B27A282}.Release|Any CPU.ActiveCfg = Release|Any CPU
		{B4766C6F-BDDB-4628-B5DC-35A78B27A282}.Release|Any CPU.Build.0 = Release|Any CPU
		{C8514B22-8AF2-4FDF-AEE6-AF9EC09BDA31}.Debug|Any CPU.ActiveCfg = Debug|Any CPU
		{C8514B22-8AF2-4FDF-AEE6-AF9EC09BDA31}.Debug|Any CPU.Build.0 = Debug|Any CPU
		{C8514B22-8AF2-4FDF-AEE6-AF9EC09BDA31}.Release|Any CPU.ActiveCfg = Release|Any CPU
		{C8514B22-8AF2-4FDF-AEE6-AF9EC09BDA31}.Release|Any CPU.Build.0 = Release|Any CPU
	EndGlobalSection
	GlobalSection(SolutionProperties) = preSolution
		HideSolutionNode = FALSE
	EndGlobalSection
	GlobalSection(ExtensibilityGlobals) = postSolution
		SolutionGuid = {8D59FB46-9FDB-48C2-B40E-D7C5B8C267A1}
	EndGlobalSection
EndGlobal
